{
  "lockfileVersion": 1,
  "configVersion": 1,
  "workspaces": {
    "": {
      "name": "r2",
      "dependencies": {
        "@ant-design/icons": "^6.1.0",
        "@tanstack/react-query": "^5.90.12",
        "@tauri-apps/api": "^2.9.1",
        "@tauri-apps/plugin-http": "^2.5.4",
        "@tauri-apps/plugin-opener": "^2.5.2",
        "@tauri-apps/plugin-process": "^2.3.1",
        "@tauri-apps/plugin-store": "^2.4.1",
        "@tauri-apps/plugin-updater": "^2.9.0",
        "antd": "^6.0.1",
        "aws4fetch": "^1.0.20",
        "next": "^16.0.7",
        "react": "^19.2.1",
        "react-dom": "^19.2.1",
        "zustand": "^5.0.9",
      },
      "devDependencies": {
        "@tanstack/react-query-devtools": "^5.91.1",
        "@tauri-apps/cli": "^2.9.5",
        "@types/node": "^24.10.1",
        "@types/react": "^19.2.7",
        "@types/react-dom": "^19.2.3",
        "typescript": "~5.9.3",
      },
    },
  },
  "packages": {
    "@ant-design/colors": ["@ant-design/colors@8.0.0", "", { "dependencies": { "@ant-design/fast-color": "^3.0.0" } }, "sha512-6YzkKCw30EI/E9kHOIXsQDHmMvTllT8STzjMb4K2qzit33RW2pqCJP0sk+hidBntXxE+Vz4n1+RvCTfBw6OErw=="],

    "@ant-design/cssinjs": ["@ant-design/cssinjs@2.0.1", "", { "dependencies": { "@babel/runtime": "^7.11.1", "@emotion/hash": "^0.8.0", "@emotion/unitless": "^0.7.5", "@rc-component/util": "^1.4.0", "clsx": "^2.1.1", "csstype": "^3.1.3", "stylis": "^4.3.4" }, "peerDependencies": { "react": ">=16.0.0", "react-dom": ">=16.0.0" } }, "sha512-Lw1Z4cUQxdMmTNir67gU0HCpTl5TtkKCJPZ6UBvCqzcOTl/QmMFB6qAEoj8qFl0CuZDX9qQYa3m9+rEKfaBSbA=="],

    "@ant-design/cssinjs-utils": ["@ant-design/cssinjs-utils@2.0.2", "", { "dependencies": { "@ant-design/cssinjs": "^2.0.1", "@babel/runtime": "^7.23.2", "@rc-component/util": "^1.4.0" }, "peerDependencies": { "react": ">=18", "react-dom": ">=18" } }, "sha512-Mq3Hm6fJuQeFNKSp3+yT4bjuhVbdrsyXE2RyfpJFL0xiYNZdaJ6oFaE3zFrzmHbmvTd2Wp3HCbRtkD4fU+v2ZA=="],

    "@ant-design/fast-color": ["@ant-design/fast-color@3.0.0", "", {}, "sha512-eqvpP7xEDm2S7dUzl5srEQCBTXZMmY3ekf97zI+M2DHOYyKdJGH0qua0JACHTqbkRnD/KHFQP9J1uMJ/XWVzzA=="],

    "@ant-design/icons": ["@ant-design/icons@6.1.0", "", { "dependencies": { "@ant-design/colors": "^8.0.0", "@ant-design/icons-svg": "^4.4.0", "@rc-component/util": "^1.3.0", "clsx": "^2.1.1" }, "peerDependencies": { "react": ">=16.0.0", "react-dom": ">=16.0.0" } }, "sha512-KrWMu1fIg3w/1F2zfn+JlfNDU8dDqILfA5Tg85iqs1lf8ooyGlbkA+TkwfOKKgqpUmAiRY1PTFpuOU2DAIgSUg=="],

    "@ant-design/icons-svg": ["@ant-design/icons-svg@4.4.2", "", {}, "sha512-vHbT+zJEVzllwP+CM+ul7reTEfBR0vgxFe7+lREAsAA7YGsYpboiq2sQNeQeRvh09GfQgs/GyFEvZpJ9cLXpXA=="],

    "@ant-design/react-slick": ["@ant-design/react-slick@1.1.2", "", { "dependencies": { "@babel/runtime": "^7.10.4", "classnames": "^2.2.5", "json2mq": "^0.2.0", "resize-observer-polyfill": "^1.5.1", "throttle-debounce": "^5.0.0" }, "peerDependencies": { "react": ">=16.9.0" } }, "sha512-EzlvzE6xQUBrZuuhSAFTdsr4P2bBBHGZwKFemEfq8gIGyIQCxalYfZW/T2ORbtQx5rU69o+WycP3exY/7T1hGA=="],

    "@babel/runtime": ["@babel/runtime@7.28.4", "", {}, "sha512-Q/N6JNWvIvPnLDvjlE1OUBLPQHH6l3CltCEsHIujp45zQUSSh8K+gHnaEX45yAT1nyngnINhvWtzN+Nb9D8RAQ=="],

    "@emnapi/runtime": ["@emnapi/runtime@1.7.1", "", { "dependencies": { "tslib": "^2.4.0" } }, "sha512-PVtJr5CmLwYAU9PZDMITZoR5iAOShYREoR45EyyLrbntV50mdePTgUn4AmOw90Ifcj+x2kRjdzr1HP3RrNiHGA=="],

    "@emotion/hash": ["@emotion/hash@0.8.0", "", {}, "sha512-kBJtf7PH6aWwZ6fka3zQ0p6SBYzx4fl1LoZXE2RrnYST9Xljm7WfKJrU4g/Xr3Beg72MLrp1AWNUmuYJTL7Cow=="],

    "@emotion/unitless": ["@emotion/unitless@0.7.5", "", {}, "sha512-OWORNpfjMsSSUBVrRBVGECkhWcULOAJz9ZW8uK9qgxD+87M7jHRcvh/A96XXNhXTLmKcoYSQtBEX7lHMO7YRwg=="],

    "@img/colour": ["@img/colour@1.0.0", "", {}, "sha512-A5P/LfWGFSl6nsckYtjw9da+19jB8hkJ6ACTGcDfEJ0aE+l2n2El7dsVM7UVHZQ9s2lmYMWlrS21YLy2IR1LUw=="],

    "@img/sharp-darwin-arm64": ["@img/sharp-darwin-arm64@0.34.5", "", { "optionalDependencies": { "@img/sharp-libvips-darwin-arm64": "1.2.4" }, "os": "darwin", "cpu": "arm64" }, "sha512-imtQ3WMJXbMY4fxb/Ndp6HBTNVtWCUI0WdobyheGf5+ad6xX8VIDO8u2xE4qc/fr08CKG/7dDseFtn6M6g/r3w=="],

    "@img/sharp-darwin-x64": ["@img/sharp-darwin-x64@0.34.5", "", { "optionalDependencies": { "@img/sharp-libvips-darwin-x64": "1.2.4" }, "os": "darwin", "cpu": "x64" }, "sha512-YNEFAF/4KQ/PeW0N+r+aVVsoIY0/qxxikF2SWdp+NRkmMB7y9LBZAVqQ4yhGCm/H3H270OSykqmQMKLBhBJDEw=="],

    "@img/sharp-libvips-darwin-arm64": ["@img/sharp-libvips-darwin-arm64@1.2.4", "", { "os": "darwin", "cpu": "arm64" }, "sha512-zqjjo7RatFfFoP0MkQ51jfuFZBnVE2pRiaydKJ1G/rHZvnsrHAOcQALIi9sA5co5xenQdTugCvtb1cuf78Vf4g=="],

    "@img/sharp-libvips-darwin-x64": ["@img/sharp-libvips-darwin-x64@1.2.4", "", { "os": "darwin", "cpu": "x64" }, "sha512-1IOd5xfVhlGwX+zXv2N93k0yMONvUlANylbJw1eTah8K/Jtpi15KC+WSiaX/nBmbm2HxRM1gZ0nSdjSsrZbGKg=="],

    "@img/sharp-libvips-linux-arm": ["@img/sharp-libvips-linux-arm@1.2.4", "", { "os": "linux", "cpu": "arm" }, "sha512-bFI7xcKFELdiNCVov8e44Ia4u2byA+l3XtsAj+Q8tfCwO6BQ8iDojYdvoPMqsKDkuoOo+X6HZA0s0q11ANMQ8A=="],

    "@img/sharp-libvips-linux-arm64": ["@img/sharp-libvips-linux-arm64@1.2.4", "", { "os": "linux", "cpu": "arm64" }, "sha512-excjX8DfsIcJ10x1Kzr4RcWe1edC9PquDRRPx3YVCvQv+U5p7Yin2s32ftzikXojb1PIFc/9Mt28/y+iRklkrw=="],

    "@img/sharp-libvips-linux-ppc64": ["@img/sharp-libvips-linux-ppc64@1.2.4", "", { "os": "linux", "cpu": "ppc64" }, "sha512-FMuvGijLDYG6lW+b/UvyilUWu5Ayu+3r2d1S8notiGCIyYU/76eig1UfMmkZ7vwgOrzKzlQbFSuQfgm7GYUPpA=="],

    "@img/sharp-libvips-linux-riscv64": ["@img/sharp-libvips-linux-riscv64@1.2.4", "", { "os": "linux", "cpu": "none" }, "sha512-oVDbcR4zUC0ce82teubSm+x6ETixtKZBh/qbREIOcI3cULzDyb18Sr/Wcyx7NRQeQzOiHTNbZFF1UwPS2scyGA=="],

    "@img/sharp-libvips-linux-s390x": ["@img/sharp-libvips-linux-s390x@1.2.4", "", { "os": "linux", "cpu": "s390x" }, "sha512-qmp9VrzgPgMoGZyPvrQHqk02uyjA0/QrTO26Tqk6l4ZV0MPWIW6LTkqOIov+J1yEu7MbFQaDpwdwJKhbJvuRxQ=="],

    "@img/sharp-libvips-linux-x64": ["@img/sharp-libvips-linux-x64@1.2.4", "", { "os": "linux", "cpu": "x64" }, "sha512-tJxiiLsmHc9Ax1bz3oaOYBURTXGIRDODBqhveVHonrHJ9/+k89qbLl0bcJns+e4t4rvaNBxaEZsFtSfAdquPrw=="],

    "@img/sharp-libvips-linuxmusl-arm64": ["@img/sharp-libvips-linuxmusl-arm64@1.2.4", "", { "os": "linux", "cpu": "arm64" }, "sha512-FVQHuwx1IIuNow9QAbYUzJ+En8KcVm9Lk5+uGUQJHaZmMECZmOlix9HnH7n1TRkXMS0pGxIJokIVB9SuqZGGXw=="],

    "@img/sharp-libvips-linuxmusl-x64": ["@img/sharp-libvips-linuxmusl-x64@1.2.4", "", { "os": "linux", "cpu": "x64" }, "sha512-+LpyBk7L44ZIXwz/VYfglaX/okxezESc6UxDSoyo2Ks6Jxc4Y7sGjpgU9s4PMgqgjj1gZCylTieNamqA1MF7Dg=="],

    "@img/sharp-linux-arm": ["@img/sharp-linux-arm@0.34.5", "", { "optionalDependencies": { "@img/sharp-libvips-linux-arm": "1.2.4" }, "os": "linux", "cpu": "arm" }, "sha512-9dLqsvwtg1uuXBGZKsxem9595+ujv0sJ6Vi8wcTANSFpwV/GONat5eCkzQo/1O6zRIkh0m/8+5BjrRr7jDUSZw=="],

    "@img/sharp-linux-arm64": ["@img/sharp-linux-arm64@0.34.5", "", { "optionalDependencies": { "@img/sharp-libvips-linux-arm64": "1.2.4" }, "os": "linux", "cpu": "arm64" }, "sha512-bKQzaJRY/bkPOXyKx5EVup7qkaojECG6NLYswgktOZjaXecSAeCWiZwwiFf3/Y+O1HrauiE3FVsGxFg8c24rZg=="],

    "@img/sharp-linux-ppc64": ["@img/sharp-linux-ppc64@0.34.5", "", { "optionalDependencies": { "@img/sharp-libvips-linux-ppc64": "1.2.4" }, "os": "linux", "cpu": "ppc64" }, "sha512-7zznwNaqW6YtsfrGGDA6BRkISKAAE1Jo0QdpNYXNMHu2+0dTrPflTLNkpc8l7MUP5M16ZJcUvysVWWrMefZquA=="],

    "@img/sharp-linux-riscv64": ["@img/sharp-linux-riscv64@0.34.5", "", { "optionalDependencies": { "@img/sharp-libvips-linux-riscv64": "1.2.4" }, "os": "linux", "cpu": "none" }, "sha512-51gJuLPTKa7piYPaVs8GmByo7/U7/7TZOq+cnXJIHZKavIRHAP77e3N2HEl3dgiqdD/w0yUfiJnII77PuDDFdw=="],

    "@img/sharp-linux-s390x": ["@img/sharp-linux-s390x@0.34.5", "", { "optionalDependencies": { "@img/sharp-libvips-linux-s390x": "1.2.4" }, "os": "linux", "cpu": "s390x" }, "sha512-nQtCk0PdKfho3eC5MrbQoigJ2gd1CgddUMkabUj+rBevs8tZ2cULOx46E7oyX+04WGfABgIwmMC0VqieTiR4jg=="],

    "@img/sharp-linux-x64": ["@img/sharp-linux-x64@0.34.5", "", { "optionalDependencies": { "@img/sharp-libvips-linux-x64": "1.2.4" }, "os": "linux", "cpu": "x64" }, "sha512-MEzd8HPKxVxVenwAa+JRPwEC7QFjoPWuS5NZnBt6B3pu7EG2Ge0id1oLHZpPJdn3OQK+BQDiw9zStiHBTJQQQQ=="],

    "@img/sharp-linuxmusl-arm64": ["@img/sharp-linuxmusl-arm64@0.34.5", "", { "optionalDependencies": { "@img/sharp-libvips-linuxmusl-arm64": "1.2.4" }, "os": "linux", "cpu": "arm64" }, "sha512-fprJR6GtRsMt6Kyfq44IsChVZeGN97gTD331weR1ex1c1rypDEABN6Tm2xa1wE6lYb5DdEnk03NZPqA7Id21yg=="],

    "@img/sharp-linuxmusl-x64": ["@img/sharp-linuxmusl-x64@0.34.5", "", { "optionalDependencies": { "@img/sharp-libvips-linuxmusl-x64": "1.2.4" }, "os": "linux", "cpu": "x64" }, "sha512-Jg8wNT1MUzIvhBFxViqrEhWDGzqymo3sV7z7ZsaWbZNDLXRJZoRGrjulp60YYtV4wfY8VIKcWidjojlLcWrd8Q=="],

    "@img/sharp-wasm32": ["@img/sharp-wasm32@0.34.5", "", { "dependencies": { "@emnapi/runtime": "^1.7.0" }, "cpu": "none" }, "sha512-OdWTEiVkY2PHwqkbBI8frFxQQFekHaSSkUIJkwzclWZe64O1X4UlUjqqqLaPbUpMOQk6FBu/HtlGXNblIs0huw=="],

    "@img/sharp-win32-arm64": ["@img/sharp-win32-arm64@0.34.5", "", { "os": "win32", "cpu": "arm64" }, "sha512-WQ3AgWCWYSb2yt+IG8mnC6Jdk9Whs7O0gxphblsLvdhSpSTtmu69ZG1Gkb6NuvxsNACwiPV6cNSZNzt0KPsw7g=="],

    "@img/sharp-win32-ia32": ["@img/sharp-win32-ia32@0.34.5", "", { "os": "win32", "cpu": "ia32" }, "sha512-FV9m/7NmeCmSHDD5j4+4pNI8Cp3aW+JvLoXcTUo0IqyjSfAZJ8dIUmijx1qaJsIiU+Hosw6xM5KijAWRJCSgNg=="],

    "@img/sharp-win32-x64": ["@img/sharp-win32-x64@0.34.5", "", { "os": "win32", "cpu": "x64" }, "sha512-+29YMsqY2/9eFEiW93eqWnuLcWcufowXewwSNIT6UwZdUUCrM3oFjMWH/Z6/TMmb4hlFenmfAVbpWeup2jryCw=="],

    "@next/env": ["@next/env@16.0.7", "", {}, "sha512-gpaNgUh5nftFKRkRQGnVi5dpcYSKGcZZkQffZ172OrG/XkrnS7UBTQ648YY+8ME92cC4IojpI2LqTC8sTDhAaw=="],

    "@next/swc-darwin-arm64": ["@next/swc-darwin-arm64@16.0.7", "", { "os": "darwin", "cpu": "arm64" }, "sha512-LlDtCYOEj/rfSnEn/Idi+j1QKHxY9BJFmxx7108A6D8K0SB+bNgfYQATPk/4LqOl4C0Wo3LACg2ie6s7xqMpJg=="],

    "@next/swc-darwin-x64": ["@next/swc-darwin-x64@16.0.7", "", { "os": "darwin", "cpu": "x64" }, "sha512-rtZ7BhnVvO1ICf3QzfW9H3aPz7GhBrnSIMZyr4Qy6boXF0b5E3QLs+cvJmg3PsTCG2M1PBoC+DANUi4wCOKXpA=="],

    "@next/swc-linux-arm64-gnu": ["@next/swc-linux-arm64-gnu@16.0.7", "", { "os": "linux", "cpu": "arm64" }, "sha512-mloD5WcPIeIeeZqAIP5c2kdaTa6StwP4/2EGy1mUw8HiexSHGK/jcM7lFuS3u3i2zn+xH9+wXJs6njO7VrAqww=="],

    "@next/swc-linux-arm64-musl": ["@next/swc-linux-arm64-musl@16.0.7", "", { "os": "linux", "cpu": "arm64" }, "sha512-+ksWNrZrthisXuo9gd1XnjHRowCbMtl/YgMpbRvFeDEqEBd523YHPWpBuDjomod88U8Xliw5DHhekBC3EOOd9g=="],

    "@next/swc-linux-x64-gnu": ["@next/swc-linux-x64-gnu@16.0.7", "", { "os": "linux", "cpu": "x64" }, "sha512-4WtJU5cRDxpEE44Ana2Xro1284hnyVpBb62lIpU5k85D8xXxatT+rXxBgPkc7C1XwkZMWpK5rXLXTh9PFipWsA=="],

    "@next/swc-linux-x64-musl": ["@next/swc-linux-x64-musl@16.0.7", "", { "os": "linux", "cpu": "x64" }, "sha512-HYlhqIP6kBPXalW2dbMTSuB4+8fe+j9juyxwfMwCe9kQPPeiyFn7NMjNfoFOfJ2eXkeQsoUGXg+O2SE3m4Qg2w=="],

    "@next/swc-win32-arm64-msvc": ["@next/swc-win32-arm64-msvc@16.0.7", "", { "os": "win32", "cpu": "arm64" }, "sha512-EviG+43iOoBRZg9deGauXExjRphhuYmIOJ12b9sAPy0eQ6iwcPxfED2asb/s2/yiLYOdm37kPaiZu8uXSYPs0Q=="],

    "@next/swc-win32-x64-msvc": ["@next/swc-win32-x64-msvc@16.0.7", "", { "os": "win32", "cpu": "x64" }, "sha512-gniPjy55zp5Eg0896qSrf3yB1dw4F/3s8VK1ephdsZZ129j2n6e1WqCbE2YgcKhW9hPB9TVZENugquWJD5x0ug=="],

    "@rc-component/async-validator": ["@rc-component/async-validator@5.0.4", "", { "dependencies": { "@babel/runtime": "^7.24.4" } }, "sha512-qgGdcVIF604M9EqjNF0hbUTz42bz/RDtxWdWuU5EQe3hi7M8ob54B6B35rOsvX5eSvIHIzT9iH1R3n+hk3CGfg=="],

    "@rc-component/cascader": ["@rc-component/cascader@1.8.0", "", { "dependencies": { "@rc-component/select": "~1.2.0", "@rc-component/tree": "~1.0.0", "@rc-component/util": "^1.3.0", "clsx": "^2.1.1" }, "peerDependencies": { "react": ">=16.9.0", "react-dom": ">=16.9.0" } }, "sha512-AYcJ6zHWua/CPp2DK2Xebu6nhcbav5PcPVVwTRb7yJTuKuwnjlB81wgtPIEgMKRv42aH3hyMYZvFgKhuxuvKmg=="],

    "@rc-component/checkbox": ["@rc-component/checkbox@1.0.1", "", { "dependencies": { "@rc-component/util": "^1.3.0", "clsx": "^2.1.1" }, "peerDependencies": { "react": ">=16.9.0", "react-dom": ">=16.9.0" } }, "sha512-08yTH8m+bSm8TOqbybbJ9KiAuIATti6bDs2mVeSfu4QfEnyeF6X0enHVvD1NEAyuBWEAo56QtLe++MYs2D9XiQ=="],

    "@rc-component/collapse": ["@rc-component/collapse@1.1.2", "", { "dependencies": { "@babel/runtime": "^7.10.1", "@rc-component/motion": "^1.1.4", "@rc-component/util": "^1.3.0", "clsx": "^2.1.1" }, "peerDependencies": { "react": ">=18.0.0", "react-dom": ">=18.0.0" } }, "sha512-ilBYk1dLLJHu5Q74dF28vwtKUYQ42ZXIIDmqTuVy4rD8JQVvkXOs+KixVNbweyuIEtJYJ7+t+9GVD9dPc6N02w=="],

    "@rc-component/color-picker": ["@rc-component/color-picker@3.0.3", "", { "dependencies": { "@ant-design/fast-color": "^3.0.0", "@rc-component/util": "^1.3.0", "clsx": "^2.1.1" }, "peerDependencies": { "react": ">=16.9.0", "react-dom": ">=16.9.0" } }, "sha512-V7gFF9O7o5XwIWafdbOtqI4BUUkEUkgdBwp6favy3xajMX/2dDqytFaiXlcwrpq6aRyPLp5dKLAG5RFKLXMeGA=="],

    "@rc-component/context": ["@rc-component/context@2.0.1", "", { "dependencies": { "@rc-component/util": "^1.3.0" }, "peerDependencies": { "react": ">=16.9.0", "react-dom": ">=16.9.0" } }, "sha512-HyZbYm47s/YqtP6pKXNMjPEMaukyg7P0qVfgMLzr7YiFNMHbK2fKTAGzms9ykfGHSfyf75nBbgWw+hHkp+VImw=="],

    "@rc-component/dialog": ["@rc-component/dialog@1.5.1", "", { "dependencies": { "@rc-component/motion": "^1.1.3", "@rc-component/portal": "^2.0.0", "@rc-component/util": "^1.0.1", "clsx": "^2.1.1" }, "peerDependencies": { "react": ">=18.0.0", "react-dom": ">=18.0.0" } }, "sha512-by4Sf/a3azcb89WayWuwG19/Y312xtu8N81HoVQQtnsBDylfs+dog98fTAvLinnpeoWG52m/M7QLRW6fXR3l1g=="],

    "@rc-component/drawer": ["@rc-component/drawer@1.2.0", "", { "dependencies": { "@rc-component/motion": "^1.1.4", "@rc-component/portal": "^2.0.0", "@rc-component/util": "^1.2.1", "classnames": "^2.2.6" }, "peerDependencies": { "react": ">=18.0.0", "react-dom": ">=18.0.0" } }, "sha512-RZ8IoNUv/soNVMYIWdjelKXX/3LWhVrKUQAeoc966Y55cIGc+PQKni025xshsvTY/+ntq10wqlBw1WCi77MvYQ=="],

    "@rc-component/dropdown": ["@rc-component/dropdown@1.0.2", "", { "dependencies": { "@rc-component/trigger": "^3.0.0", "@rc-component/util": "^1.2.1", "clsx": "^2.1.1" }, "peerDependencies": { "react": ">=16.11.0", "react-dom": ">=16.11.0" } }, "sha512-6PY2ecUSYhDPhkNHHb4wfeAya04WhpmUSKzdR60G+kMNVUCX2vjT/AgTS0Lz0I/K6xrPMJ3enQbwVpeN3sHCgg=="],

    "@rc-component/form": ["@rc-component/form@1.4.0", "", { "dependencies": { "@rc-component/async-validator": "^5.0.3", "@rc-component/util": "^1.3.0", "clsx": "^2.1.1" }, "peerDependencies": { "react": ">=16.9.0", "react-dom": ">=16.9.0" } }, "sha512-C8MN/2wIaW9hSrCCtJmcgCkWTQNIspN7ARXLFA4F8PGr8Qxk39U5pS3kRK51/bUJNhb/fEtdFnaViLlISGKI2A=="],

    "@rc-component/image": ["@rc-component/image@1.5.2", "", { "dependencies": { "@rc-component/motion": "^1.0.0", "@rc-component/portal": "^2.0.0", "@rc-component/util": "^1.3.0", "clsx": "^2.1.1" }, "peerDependencies": { "react": ">=16.9.0", "react-dom": ">=16.9.0" } }, "sha512-SIbYLy0IrXqyhccpKktQEvpbBti/KwgG8V/E8GJa8ycwOQmuZaCP7b/C+eQlivn4KDWpfKfoOrLKHXmVlljDgg=="],

    "@rc-component/input": ["@rc-component/input@1.1.2", "", { "dependencies": { "@rc-component/util": "^1.4.0", "clsx": "^2.1.1" }, "peerDependencies": { "react": ">=16.0.0", "react-dom": ">=16.0.0" } }, "sha512-Q61IMR47piUBudgixJ30CciKIy9b1H95qe7GgEKOmSJVJXvFRWJllJfQry9tif+MX2cWFXWJf/RXz4kaCeq/Fg=="],

    "@rc-component/input-number": ["@rc-component/input-number@1.6.2", "", { "dependencies": { "@rc-component/mini-decimal": "^1.0.1", "@rc-component/util": "^1.4.0", "clsx": "^2.1.1" }, "peerDependencies": { "react": ">=16.9.0", "react-dom": ">=16.9.0" } }, "sha512-Gjcq7meZlCOiWN1t1xCC+7/s85humHVokTBI7PJgTfoyw5OWF74y3e6P8PHX104g9+b54jsodFIzyaj6p8LI9w=="],

    "@rc-component/mentions": ["@rc-component/mentions@1.5.5", "", { "dependencies": { "@rc-component/input": "~1.1.0", "@rc-component/menu": "~1.1.0", "@rc-component/textarea": "~1.1.0", "@rc-component/trigger": "^3.0.0", "@rc-component/util": "^1.3.0", "clsx": "^2.1.1" }, "peerDependencies": { "react": ">=16.9.0", "react-dom": ">=16.9.0" } }, "sha512-m39JW6ZyR0+foE1ojgOx2+GH8kMaJS279A2cI0vV0gIEZMp+2hOpPhJgKR7vMOGdhvkiXwgfM49EaPw30NonNw=="],

    "@rc-component/menu": ["@rc-component/menu@1.1.5", "", { "dependencies": { "@rc-component/motion": "^1.1.4", "@rc-component/trigger": "^3.0.0", "@rc-component/util": "^1.3.0", "clsx": "^2.1.1", "rc-overflow": "^1.3.1" }, "peerDependencies": { "react": ">=16.9.0", "react-dom": ">=16.9.0" } }, "sha512-+TlOCjrvm0JFk3OtSbOLX4klXK1bBdwTSJeEg1lM8P0BfdJOYxLFmKyAoUILioP4dO2A9u+lZENZOleAmA4g+A=="],

    "@rc-component/mini-decimal": ["@rc-component/mini-decimal@1.1.0", "", { "dependencies": { "@babel/runtime": "^7.18.0" } }, "sha512-jS4E7T9Li2GuYwI6PyiVXmxTiM6b07rlD9Ge8uGZSCz3WlzcG5ZK7g5bbuKNeZ9pgUuPK/5guV781ujdVpm4HQ=="],

    "@rc-component/motion": ["@rc-component/motion@1.1.6", "", { "dependencies": { "@rc-component/util": "^1.2.0", "clsx": "^2.1.1" }, "peerDependencies": { "react": ">=16.9.0", "react-dom": ">=16.9.0" } }, "sha512-aEQobs/YA0kqRvHIPjQvOytdtdRVyhf/uXAal4chBjxDu6odHckExJzjn2D+Ju1aKK6hx3pAs6BXdV9+86xkgQ=="],

    "@rc-component/mutate-observer": ["@rc-component/mutate-observer@2.0.1", "", { "dependencies": { "@rc-component/util": "^1.2.0" }, "peerDependencies": { "react": ">=16.9.0", "react-dom": ">=16.9.0" } }, "sha512-AyarjoLU5YlxuValRi+w8JRH2Z84TBbFO2RoGWz9d8bSu0FqT8DtugH3xC3BV7mUwlmROFauyWuXFuq4IFbH+w=="],

    "@rc-component/notification": ["@rc-component/notification@1.2.0", "", { "dependencies": { "@rc-component/motion": "^1.1.4", "@rc-component/util": "^1.2.1", "clsx": "^2.1.1" }, "peerDependencies": { "react": ">=16.9.0", "react-dom": ">=16.9.0" } }, "sha512-OX3J+zVU7rvoJCikjrfW7qOUp7zlDeFBK2eA3SFbGSkDqo63Sl4Ss8A04kFP+fxHSxMDIS9jYVEZtU1FNCFuBA=="],

    "@rc-component/pagination": ["@rc-component/pagination@1.2.0", "", { "dependencies": { "@rc-component/util": "^1.3.0", "clsx": "^2.1.1" }, "peerDependencies": { "react": ">=16.9.0", "react-dom": ">=16.9.0" } }, "sha512-YcpUFE8dMLfSo6OARJlK6DbHHvrxz7pMGPGmC/caZSJJz6HRKHC1RPP001PRHCvG9Z/veD039uOQmazVuLJzlw=="],

    "@rc-component/picker": ["@rc-component/picker@1.7.1", "", { "dependencies": { "@rc-component/resize-observer": "^1.0.0", "@rc-component/trigger": "^3.6.15", "@rc-component/util": "^1.3.0", "clsx": "^2.1.1", "rc-overflow": "^1.3.2" }, "peerDependencies": { "date-fns": ">= 2.x", "dayjs": ">= 1.x", "luxon": ">= 3.x", "moment": ">= 2.x", "react": ">=16.9.0", "react-dom": ">=16.9.0" }, "optionalPeers": ["date-fns", "dayjs", "luxon", "moment"] }, "sha512-u75rwgbYbH3M2+k22dWOCXv1YUtdb5bgrD7YXCV19H6qS6mUHxQOcqRVTU2JmUPKkq+TOaHC4kDgU83mN2G01w=="],

    "@rc-component/portal": ["@rc-component/portal@2.0.1", "", { "dependencies": { "@rc-component/util": "^1.2.1", "clsx": "^2.1.1" }, "peerDependencies": { "react": ">=18.0.0", "react-dom": ">=18.0.0" } }, "sha512-46KYuA7Udb1LAaLIdDrfmDz3wzyeEZxIURJCn+heoQVbhtW5PQkhBSQtRus+DUdsknmTFQulxSnqrbX3CI4yXw=="],

    "@rc-component/progress": ["@rc-component/progress@1.0.2", "", { "dependencies": { "@rc-component/util": "^1.2.1", "clsx": "^2.1.1" }, "peerDependencies": { "react": ">=16.9.0", "react-dom": ">=16.9.0" } }, "sha512-WZUnH9eGxH1+xodZKqdrHke59uyGZSWgj5HBM5Kwk5BrTMuAORO7VJ2IP5Qbm9aH3n9x3IcesqHHR0NWPBC7fQ=="],

    "@rc-component/qrcode": ["@rc-component/qrcode@1.1.1", "", { "dependencies": { "@babel/runtime": "^7.24.7" }, "peerDependencies": { "react": ">=16.9.0", "react-dom": ">=16.9.0" } }, "sha512-LfLGNymzKdUPjXUbRP+xOhIWY4jQ+YMj5MmWAcgcAq1Ij8XP7tRmAXqyuv96XvLUBE/5cA8hLFl9eO1JQMujrA=="],

    "@rc-component/rate": ["@rc-component/rate@1.0.1", "", { "dependencies": { "@rc-component/util": "^1.3.0", "clsx": "^2.1.1" }, "peerDependencies": { "react": ">=16.9.0", "react-dom": ">=16.9.0" } }, "sha512-bkXxeBqDpl5IOC7yL7GcSYjQx9G8H+6kLYQnNZWeBYq2OYIv1MONd6mqKTjnnJYpV0cQIU2z3atdW0j1kttpTw=="],

    "@rc-component/resize-observer": ["@rc-component/resize-observer@1.0.1", "", { "dependencies": { "@rc-component/util": "^1.2.0" }, "peerDependencies": { "react": ">=16.9.0", "react-dom": ">=16.9.0" } }, "sha512-r+w+Mz1EiueGk1IgjB3ptNXLYSLZ5vnEfKHH+gfgj7JMupftyzvUUl3fRcMZe5uMM04x0n8+G2o/c6nlO2+Wag=="],

    "@rc-component/segmented": ["@rc-component/segmented@1.2.3", "", { "dependencies": { "@babel/runtime": "^7.11.1", "@rc-component/motion": "^1.1.4", "@rc-component/util": "^1.3.0", "clsx": "^2.1.1" }, "peerDependencies": { "react": ">=16.0.0", "react-dom": ">=16.0.0" } }, "sha512-L7G4S6zUpqHclOXK0wKKN2/VyqHa9tfDNxkoFjWOTPtQ0ROFaBwZhbf1+9sdZfIFkxJkpcShAmDOMEIBaFFqkw=="],

    "@rc-component/select": ["@rc-component/select@1.2.7", "", { "dependencies": { "@rc-component/trigger": "^3.0.0", "@rc-component/util": "^1.3.0", "clsx": "^2.1.1", "rc-overflow": "^1.5.0", "rc-virtual-list": "^3.5.2" }, "peerDependencies": { "react": "*", "react-dom": "*" } }, "sha512-qfhcB7oVUwuLtf67q4m2l2nOt7dp4axn9+fFmSHHcHy7FOFVFPIwWVMs6XFKAtxEEhZaHadQxLJFQLMRIp+Afw=="],

    "@rc-component/slider": ["@rc-component/slider@1.0.1", "", { "dependencies": { "@rc-component/util": "^1.3.0", "clsx": "^2.1.1" }, "peerDependencies": { "react": ">=16.9.0", "react-dom": ">=16.9.0" } }, "sha512-uDhEPU1z3WDfCJhaL9jfd2ha/Eqpdfxsn0Zb0Xcq1NGQAman0TWaR37OWp2vVXEOdV2y0njSILTMpTfPV1454g=="],

    "@rc-component/steps": ["@rc-component/steps@1.2.2", "", { "dependencies": { "@rc-component/util": "^1.2.1", "clsx": "^2.1.1" }, "peerDependencies": { "react": ">=16.9.0", "react-dom": ">=16.9.0" } }, "sha512-/yVIZ00gDYYPHSY0JP+M+s3ZvuXLu2f9rEjQqiUDs7EcYsUYrpJ/1bLj9aI9R7MBR3fu/NGh6RM9u2qGfqp+Nw=="],

    "@rc-component/switch": ["@rc-component/switch@1.0.3", "", { "dependencies": { "@rc-component/util": "^1.3.0", "clsx": "^2.1.1" }, "peerDependencies": { "react": ">=16.9.0", "react-dom": ">=16.9.0" } }, "sha512-Jgi+EbOBquje/XNdofr7xbJQZPYJP+BlPfR0h+WN4zFkdtB2EWqEfvkXJWeipflwjWip0/17rNbxEAqs8hVHfw=="],

    "@rc-component/table": ["@rc-component/table@1.8.2", "", { "dependencies": { "@rc-component/context": "^2.0.1", "@rc-component/resize-observer": "^1.0.0", "@rc-component/util": "^1.1.0", "clsx": "^2.1.1", "rc-virtual-list": "^3.14.2" }, "peerDependencies": { "react": ">=18.0.0", "react-dom": ">=18.0.0" } }, "sha512-GUuuXIGx2M3KVEcqhze8cDs0cwkSby9VRnOrm6zbnryMFUr+WUL1eu7NA1j4Gi43Rd3/CIL8OmXhRdUz1L/Xug=="],

    "@rc-component/tabs": ["@rc-component/tabs@1.6.0", "", { "dependencies": { "@rc-component/dropdown": "~1.0.0", "@rc-component/menu": "~1.1.0", "@rc-component/motion": "^1.1.3", "@rc-component/resize-observer": "^1.0.0", "@rc-component/util": "^1.3.0", "clsx": "^2.1.1" }, "peerDependencies": { "react": ">=16.9.0", "react-dom": ">=16.9.0" } }, "sha512-2OY02yhS7E0y0Yr5LBI3o5KdM7h4yJ5lBR6V4PEC1dx/sUZggEw7vAHGCArqCcpsZ6pzjOGJbGiVhz7dSMiehA=="],

    "@rc-component/textarea": ["@rc-component/textarea@1.1.2", "", { "dependencies": { "@rc-component/input": "~1.1.0", "@rc-component/resize-observer": "^1.0.0", "@rc-component/util": "^1.3.0", "clsx": "^2.1.1" }, "peerDependencies": { "react": ">=16.9.0", "react-dom": ">=16.9.0" } }, "sha512-9rMUEODWZDMovfScIEHXWlVZuPljZ2pd1LKNjslJVitn4SldEzq5vO1CL3yy3Dnib6zZal2r2DPtjy84VVpF6A=="],

    "@rc-component/tooltip": ["@rc-component/tooltip@1.3.4", "", { "dependencies": { "@rc-component/trigger": "^3.6.15", "@rc-component/util": "^1.3.0", "clsx": "^2.1.1" }, "peerDependencies": { "react": ">=18.0.0", "react-dom": ">=18.0.0" } }, "sha512-wbxvH/UBVgGnpivBPDiGirNr2B9BhUBF4QJTWHK8hOMh6qWg/yf0g4UspH9+GlnSwSLoYOhcChmdLLFxSULBDQ=="],

    "@rc-component/tour": ["@rc-component/tour@2.2.1", "", { "dependencies": { "@rc-component/portal": "^2.0.0", "@rc-component/trigger": "^3.0.0", "@rc-component/util": "^1.3.0", "clsx": "^2.1.1" }, "peerDependencies": { "react": ">=16.9.0", "react-dom": ">=16.9.0" } }, "sha512-BUCrVikGJsXli38qlJ+h2WyDD6dYxzDA9dV3o0ij6gYhAq6ooT08SUMWOikva9v4KZ2BEuluGl5bPcsjrSoBgQ=="],

    "@rc-component/tree": ["@rc-component/tree@1.0.2", "", { "dependencies": { "@rc-component/motion": "^1.0.0", "@rc-component/util": "^1.2.1", "clsx": "^2.1.1", "rc-virtual-list": "^3.5.1" }, "peerDependencies": { "react": "*", "react-dom": "*" } }, "sha512-h4P2P3N004VmUonkBzhisjrwME2njSxmUzZPhkFHGllAzbcRUSUGSx0dvRr0FCxYYittpMpGUHE6OMvbVX2c8Q=="],

    "@rc-component/tree-select": ["@rc-component/tree-select@1.3.1", "", { "dependencies": { "@rc-component/select": "~1.2.0", "@rc-component/tree": "~1.0.1", "@rc-component/util": "^1.3.0", "clsx": "^2.1.1" }, "peerDependencies": { "react": "*", "react-dom": "*" } }, "sha512-aWbsJ0c7Saqu4Fpn0RPx0EeprttyBbAeH1HQ8cG8vPHOrkG+kg4Wg3TWB+e5uVo36dneH8NJHfOICLzdblQEhA=="],

    "@rc-component/trigger": ["@rc-component/trigger@3.7.1", "", { "dependencies": { "@rc-component/motion": "^1.1.4", "@rc-component/portal": "^2.0.0", "@rc-component/resize-observer": "^1.0.0", "@rc-component/util": "^1.2.1", "clsx": "^2.1.1" }, "peerDependencies": { "react": ">=18.0.0", "react-dom": ">=18.0.0" } }, "sha512-+YNP8FywxKJpdqzlAp6TN8UbSK6YsQtIs3kI13mHfm87qi3qUd5Q9AGW8Unfv76kXFUSu7U7D0FygRsGH+6MiA=="],

    "@rc-component/upload": ["@rc-component/upload@1.1.0", "", { "dependencies": { "@rc-component/util": "^1.3.0", "clsx": "^2.1.1" }, "peerDependencies": { "react": ">=16.9.0", "react-dom": ">=16.9.0" } }, "sha512-LIBV90mAnUE6VK5N4QvForoxZc4XqEYZimcp7fk+lkE4XwHHyJWxpIXQQwMU8hJM+YwBbsoZkGksL1sISWHQxw=="],

    "@rc-component/util": ["@rc-component/util@1.4.0", "", { "dependencies": { "is-mobile": "^5.0.0", "react-is": "^18.2.0" }, "peerDependencies": { "react": ">=18.0.0", "react-dom": ">=18.0.0" } }, "sha512-LQlShcJKu0p3JUTAenKrWtqVW0+c4PJKedOqEaef9gTVL70O3cG4xZJ7VXfm0blGzORKFEkd3oQGalaUBNZ3Lg=="],

    "@swc/helpers": ["@swc/helpers@0.5.15", "", { "dependencies": { "tslib": "^2.8.0" } }, "sha512-JQ5TuMi45Owi4/BIMAJBoSQoOJu12oOk/gADqlcUL9JEdHB8vyjUSsxqeNXnmXHjYKMi2WcYtezGEEhqUI/E2g=="],

    "@tanstack/query-core": ["@tanstack/query-core@5.90.12", "", {}, "sha512-T1/8t5DhV/SisWjDnaiU2drl6ySvsHj1bHBCWNXd+/T+Hh1cf6JodyEYMd5sgwm+b/mETT4EV3H+zCVczCU5hg=="],

    "@tanstack/query-devtools": ["@tanstack/query-devtools@5.91.1", "", {}, "sha512-l8bxjk6BMsCaVQH6NzQEE/bEgFy1hAs5qbgXl0xhzezlaQbPk6Mgz9BqEg2vTLPOHD8N4k+w/gdgCbEzecGyNg=="],

    "@tanstack/react-query": ["@tanstack/react-query@5.90.12", "", { "dependencies": { "@tanstack/query-core": "5.90.12" }, "peerDependencies": { "react": "^18 || ^19" } }, "sha512-graRZspg7EoEaw0a8faiUASCyJrqjKPdqJ9EwuDRUF9mEYJ1YPczI9H+/agJ0mOJkPCJDk0lsz5QTrLZ/jQ2rg=="],

    "@tanstack/react-query-devtools": ["@tanstack/react-query-devtools@5.91.1", "", { "dependencies": { "@tanstack/query-devtools": "5.91.1" }, "peerDependencies": { "@tanstack/react-query": "^5.90.10", "react": "^18 || ^19" } }, "sha512-tRnJYwEbH0kAOuToy8Ew7bJw1lX3AjkkgSlf/vzb+NpnqmHPdWM+lA2DSdGQSLi1SU0PDRrrCI1vnZnci96CsQ=="],

    "@tauri-apps/api": ["@tauri-apps/api@2.9.1", "", {}, "sha512-IGlhP6EivjXHepbBic618GOmiWe4URJiIeZFlB7x3czM0yDHHYviH1Xvoiv4FefdkQtn6v7TuwWCRfOGdnVUGw=="],

    "@tauri-apps/cli": ["@tauri-apps/cli@2.9.5", "", { "optionalDependencies": { "@tauri-apps/cli-darwin-arm64": "2.9.5", "@tauri-apps/cli-darwin-x64": "2.9.5", "@tauri-apps/cli-linux-arm-gnueabihf": "2.9.5", "@tauri-apps/cli-linux-arm64-gnu": "2.9.5", "@tauri-apps/cli-linux-arm64-musl": "2.9.5", "@tauri-apps/cli-linux-riscv64-gnu": "2.9.5", "@tauri-apps/cli-linux-x64-gnu": "2.9.5", "@tauri-apps/cli-linux-x64-musl": "2.9.5", "@tauri-apps/cli-win32-arm64-msvc": "2.9.5", "@tauri-apps/cli-win32-ia32-msvc": "2.9.5", "@tauri-apps/cli-win32-x64-msvc": "2.9.5" }, "bin": { "tauri": "tauri.js" } }, "sha512-z88tX6O6kwTgMjYozhNGbehzQyBazgXejyH784CwSfBOWm06xFcogd0PY/jhcPsqzJF9kLRIkmlQy+cqdrioOQ=="],

    "@tauri-apps/cli-darwin-arm64": ["@tauri-apps/cli-darwin-arm64@2.9.5", "", { "os": "darwin", "cpu": "arm64" }, "sha512-P5XDyCwq3VbWGAplyfP/bgmuUITVDcypxgZUyX45SM7HbU1Nrkk0cNK1HCOkuNBAVVbWen2GUNWah/AiupHHXg=="],

    "@tauri-apps/cli-darwin-x64": ["@tauri-apps/cli-darwin-x64@2.9.5", "", { "os": "darwin", "cpu": "x64" }, "sha512-JC9UfQ2ZKavx60dnNxsWztRF3oUH3dgPwN1WJ3/5RUy2aNwD/vXqvJAfNFZ4GWeQpoQ+PqJxduev0U4OMQonnA=="],

    "@tauri-apps/cli-linux-arm-gnueabihf": ["@tauri-apps/cli-linux-arm-gnueabihf@2.9.5", "", { "os": "linux", "cpu": "arm" }, "sha512-iCQm2Uvx8AheghfG/QUv1y8Ga9yquJt6xJwH1uF0x5KfmJmwBi8pHBvB924dDi59PS84qTdIBeJejQT00QX3Iw=="],

    "@tauri-apps/cli-linux-arm64-gnu": ["@tauri-apps/cli-linux-arm64-gnu@2.9.5", "", { "os": "linux", "cpu": "arm64" }, "sha512-b6AW8Gr5nQOQIYH0TsUev7rEThGHIvsx192eElOmOz/dh33J4pninHK32laMj2hzHMJ27qmDq5vANL+wrFo9sg=="],

    "@tauri-apps/cli-linux-arm64-musl": ["@tauri-apps/cli-linux-arm64-musl@2.9.5", "", { "os": "linux", "cpu": "arm64" }, "sha512-/gRBMnphS9E8riZ0LIbBhZ9Oy16A2rx/g3DGR0DcDBvUtkLfbL0lMu4s+sY85nkn9An15+cZ1ZK6d7AIqWahLA=="],

    "@tauri-apps/cli-linux-riscv64-gnu": ["@tauri-apps/cli-linux-riscv64-gnu@2.9.5", "", { "os": "linux", "cpu": "none" }, "sha512-NOzjPF9YIBodjdkFcJmqINT0k3YDoR5ANM/jg6Z6s3Zmk8ScN6inI60jTxcfgfWyITiKsPy7GJyYou3Cm2XNzw=="],

    "@tauri-apps/cli-linux-x64-gnu": ["@tauri-apps/cli-linux-x64-gnu@2.9.5", "", { "os": "linux", "cpu": "x64" }, "sha512-SfGbwgvTphM5y+J91NyU/psleMUlyyPkZyDCFg8WU1HX8DpKUT3Vwhb/W1xpUBGb56tJgGCO46FCVkr8w4Areg=="],

    "@tauri-apps/cli-linux-x64-musl": ["@tauri-apps/cli-linux-x64-musl@2.9.5", "", { "os": "linux", "cpu": "x64" }, "sha512-ZfeoiASAOGDzyvN+TDAg8A1pCeS082h4uc0vZKvtWUN+9QBIMfz0yJwltAv+SN/afap6NS6DVkbPV3UVuI9V5A=="],

    "@tauri-apps/cli-win32-arm64-msvc": ["@tauri-apps/cli-win32-arm64-msvc@2.9.5", "", { "os": "win32", "cpu": "arm64" }, "sha512-ulg7irow+ekjaK4inFHVq7m1KQebDSYNb17DFKV+h+x7qnLZymz2gHK7df2u4YyEjqvzwRd3AJpU3HNxRurSFQ=="],

    "@tauri-apps/cli-win32-ia32-msvc": ["@tauri-apps/cli-win32-ia32-msvc@2.9.5", "", { "os": "win32", "cpu": "ia32" }, "sha512-6lF0k/Qduhn1Z3IOXlp2ts8jNOMIX4cK4Fbk3axGeX7LMcVVbOSEAFwbTqS8BKZDFac0WRS8N1C96+Ms5LOS1Q=="],

    "@tauri-apps/cli-win32-x64-msvc": ["@tauri-apps/cli-win32-x64-msvc@2.9.5", "", { "os": "win32", "cpu": "x64" }, "sha512-Vg50U74x1A4b2iBVtDcAVPbI1XVuzSmwlduuBM1VewxtRaVj5GDzWnYtBcnuIk+VGzNApRDfDhraAXGaW2a/Gw=="],

    "@tauri-apps/plugin-http": ["@tauri-apps/plugin-http@2.5.4", "", { "dependencies": { "@tauri-apps/api": "^2.8.0" } }, "sha512-/i4U/9za3mrytTgfRn5RHneKubZE/dwRmshYwyMvNRlkWjvu1m4Ma72kcbVJMZFGXpkbl+qLyWMGrihtWB76Zg=="],

    "@tauri-apps/plugin-opener": ["@tauri-apps/plugin-opener@2.5.2", "", { "dependencies": { "@tauri-apps/api": "^2.8.0" } }, "sha512-ei/yRRoCklWHImwpCcDK3VhNXx+QXM9793aQ64YxpqVF0BDuuIlXhZgiAkc15wnPVav+IbkYhmDJIv5R326Mew=="],

    "@tauri-apps/plugin-process": ["@tauri-apps/plugin-process@2.3.1", "", { "dependencies": { "@tauri-apps/api": "^2.8.0" } }, "sha512-nCa4fGVaDL/B9ai03VyPOjfAHRHSBz5v6F/ObsB73r/dA3MHHhZtldaDMIc0V/pnUw9ehzr2iEG+XkSEyC0JJA=="],

    "@tauri-apps/plugin-store": ["@tauri-apps/plugin-store@2.4.1", "", { "dependencies": { "@tauri-apps/api": "^2.8.0" } }, "sha512-ckGSEzZ5Ii4Hf2D5x25Oqnm2Zf9MfDWAzR+volY0z/OOBz6aucPKEY0F649JvQ0Vupku6UJo7ugpGRDOFOunkA=="],

    "@tauri-apps/plugin-updater": ["@tauri-apps/plugin-updater@2.9.0", "", { "dependencies": { "@tauri-apps/api": "^2.6.0" } }, "sha512-j++sgY8XpeDvzImTrzWA08OqqGqgkNyxczLD7FjNJJx/uXxMZFz5nDcfkyoI/rCjYuj2101Tci/r/HFmOmoxCg=="],

    "@types/node": ["@types/node@24.10.1", "", { "dependencies": { "undici-types": "~7.16.0" } }, "sha512-GNWcUTRBgIRJD5zj+Tq0fKOJ5XZajIiBroOF0yvj2bSU1WvNdYS/dn9UxwsujGW4JX06dnHyjV2y9rRaybH0iQ=="],

    "@types/react": ["@types/react@19.2.7", "", { "dependencies": { "csstype": "^3.2.2" } }, "sha512-MWtvHrGZLFttgeEj28VXHxpmwYbor/ATPYbBfSFZEIRK0ecCFLl2Qo55z52Hss+UV9CRN7trSeq1zbgx7YDWWg=="],

    "@types/react-dom": ["@types/react-dom@19.2.3", "", { "peerDependencies": { "@types/react": "^19.2.0" } }, "sha512-jp2L/eY6fn+KgVVQAOqYItbF0VY/YApe5Mz2F0aykSO8gx31bYCZyvSeYxCHKvzHG5eZjc+zyaS5BrBWya2+kQ=="],

    "antd": ["antd@6.0.1", "", { "dependencies": { "@ant-design/colors": "^8.0.0", "@ant-design/cssinjs": "^2.0.1", "@ant-design/cssinjs-utils": "^2.0.2", "@ant-design/fast-color": "^3.0.0", "@ant-design/icons": "^6.1.0", "@ant-design/react-slick": "~1.1.2", "@babel/runtime": "^7.28.4", "@rc-component/cascader": "~1.8.0", "@rc-component/checkbox": "~1.0.1", "@rc-component/collapse": "~1.1.2", "@rc-component/color-picker": "~3.0.3", "@rc-component/dialog": "~1.5.1", "@rc-component/drawer": "~1.2.0", "@rc-component/dropdown": "~1.0.2", "@rc-component/form": "~1.4.0", "@rc-component/image": "~1.5.2", "@rc-component/input": "~1.1.2", "@rc-component/input-number": "~1.6.2", "@rc-component/mentions": "~1.5.5", "@rc-component/menu": "~1.1.5", "@rc-component/motion": "~1.1.5", "@rc-component/mutate-observer": "^2.0.1", "@rc-component/notification": "~1.2.0", "@rc-component/pagination": "~1.2.0", "@rc-component/picker": "~1.7.1", "@rc-component/progress": "~1.0.2", "@rc-component/qrcode": "~1.1.1", "@rc-component/rate": "~1.0.1", "@rc-component/resize-observer": "^1.0.1", "@rc-component/segmented": "~1.2.3", "@rc-component/select": "~1.2.4", "@rc-component/slider": "~1.0.1", "@rc-component/steps": "~1.2.2", "@rc-component/switch": "~1.0.3", "@rc-component/table": "~1.8.2", "@rc-component/tabs": "~1.6.0", "@rc-component/textarea": "~1.1.2", "@rc-component/tooltip": "~1.3.4", "@rc-component/tour": "~2.2.1", "@rc-component/tree": "~1.0.2", "@rc-component/tree-select": "~1.3.1", "@rc-component/trigger": "^3.7.1", "@rc-component/upload": "~1.1.0", "@rc-component/util": "^1.4.0", "clsx": "^2.1.1", "dayjs": "^1.11.11", "scroll-into-view-if-needed": "^3.1.0", "throttle-debounce": "^5.0.2" }, "peerDependencies": { "react": ">=18.0.0", "react-dom": ">=18.0.0" } }, "sha512-/kCH3057suoqe1D/JJ4lxvkESZWJr1+ISTbRnbxk99gXJWaxYp7pCX+4CZSdvVDKFpU1YBkzHn9/ZVNNyHImqQ=="],

    "aws4fetch": ["aws4fetch@1.0.20", "", {}, "sha512-/djoAN709iY65ETD6LKCtyyEI04XIBP5xVvfmNxsEP0uJB5tyaGBztSryRr4HqMStr9R06PisQE7m9zDTXKu6g=="],

    "caniuse-lite": ["caniuse-lite@1.0.30001759", "", {}, "sha512-Pzfx9fOKoKvevQf8oCXoyNRQ5QyxJj+3O0Rqx2V5oxT61KGx8+n6hV/IUyJeifUci2clnmmKVpvtiqRzgiWjSw=="],

    "classnames": ["classnames@2.5.1", "", {}, "sha512-saHYOzhIQs6wy2sVxTM6bUDsQO4F50V9RQ22qBpEdCW+I+/Wmke2HOl6lS6dTpdxVhb88/I6+Hs+438c3lfUow=="],

    "client-only": ["client-only@0.0.1", "", {}, "sha512-IV3Ou0jSMzZrd3pZ48nLkT9DA7Ag1pnPzaiQhpW7c3RbcqqzvzzVu+L8gfqMp/8IM2MQtSiqaCxrrcfu8I8rMA=="],

    "clsx": ["clsx@2.1.1", "", {}, "sha512-eYm0QWBtUrBWZWG0d386OGAw16Z995PiOVo2B7bjWSbHedGl5e0ZWaq65kOGgUSNesEIDkB9ISbTg/JK9dhCZA=="],

    "compute-scroll-into-view": ["compute-scroll-into-view@3.1.1", "", {}, "sha512-VRhuHOLoKYOy4UbilLbUzbYg93XLjv2PncJC50EuTWPA3gaja1UjBsUP/D/9/juV3vQFr6XBEzn9KCAHdUvOHw=="],

    "csstype": ["csstype@3.2.3", "", {}, "sha512-z1HGKcYy2xA8AGQfwrn0PAy+PB7X/GSj3UVJW9qKyn43xWa+gl5nXmU4qqLMRzWVLFC8KusUX8T/0kCiOYpAIQ=="],

    "dayjs": ["dayjs@1.11.19", "", {}, "sha512-t5EcLVS6QPBNqM2z8fakk/NKel+Xzshgt8FFKAn+qwlD1pzZWxh0nVCrvFK7ZDb6XucZeF9z8C7CBWTRIVApAw=="],

    "detect-libc": ["detect-libc@2.1.2", "", {}, "sha512-Btj2BOOO83o3WyH59e8MgXsxEQVcarkUOpEYrubB0urwnN10yQ364rsiByU11nZlqWYZm05i/of7io4mzihBtQ=="],

    "is-mobile": ["is-mobile@5.0.0", "", {}, "sha512-Tz/yndySvLAEXh+Uk8liFCxOwVH6YutuR74utvOcu7I9Di+DwM0mtdPVZNaVvvBUM2OXxne/NhOs1zAO7riusQ=="],

    "json2mq": ["json2mq@0.2.0", "", { "dependencies": { "string-convert": "^0.2.0" } }, "sha512-SzoRg7ux5DWTII9J2qkrZrqV1gt+rTaoufMxEzXbS26Uid0NwaJd123HcoB80TgubEppxxIGdNxCx50fEoEWQA=="],

    "nanoid": ["nanoid@3.3.11", "", { "bin": { "nanoid": "bin/nanoid.cjs" } }, "sha512-N8SpfPUnUp1bK+PMYW8qSWdl9U+wwNWI4QKxOYDy9JAro3WMX7p2OeVRF9v+347pnakNevPmiHhNmZ2HbFA76w=="],

    "next": ["next@16.0.7", "", { "dependencies": { "@next/env": "16.0.7", "@swc/helpers": "0.5.15", "caniuse-lite": "^1.0.30001579", "postcss": "8.4.31", "styled-jsx": "5.1.6" }, "optionalDependencies": { "@next/swc-darwin-arm64": "16.0.7", "@next/swc-darwin-x64": "16.0.7", "@next/swc-linux-arm64-gnu": "16.0.7", "@next/swc-linux-arm64-musl": "16.0.7", "@next/swc-linux-x64-gnu": "16.0.7", "@next/swc-linux-x64-musl": "16.0.7", "@next/swc-win32-arm64-msvc": "16.0.7", "@next/swc-win32-x64-msvc": "16.0.7", "sharp": "^0.34.4" }, "peerDependencies": { "@opentelemetry/api": "^1.1.0", "@playwright/test": "^1.51.1", "babel-plugin-react-compiler": "*", "react": "^18.2.0 || 19.0.0-rc-de68d2f4-20241204 || ^19.0.0", "react-dom": "^18.2.0 || 19.0.0-rc-de68d2f4-20241204 || ^19.0.0", "sass": "^1.3.0" }, "optionalPeers": ["@opentelemetry/api", "@playwright/test", "babel-plugin-react-compiler", "sass"], "bin": { "next": "dist/bin/next" } }, "sha512-3mBRJyPxT4LOxAJI6IsXeFtKfiJUbjCLgvXO02fV8Wy/lIhPvP94Fe7dGhUgHXcQy4sSuYwQNcOLhIfOm0rL0A=="],

    "picocolors": ["picocolors@1.1.1", "", {}, "sha512-xceH2snhtb5M9liqDsmEw56le376mTZkEX/jEb/RxNFyegNul7eNslCXP9FDj/Lcu0X8KEyMceP2ntpaHrDEVA=="],

    "postcss": ["postcss@8.4.31", "", { "dependencies": { "nanoid": "^3.3.6", "picocolors": "^1.0.0", "source-map-js": "^1.0.2" } }, "sha512-PS08Iboia9mts/2ygV3eLpY5ghnUcfLV/EXTOW1E2qYxJKGGBUtNjN76FYHnMs36RmARn41bC0AZmn+rR0OVpQ=="],

    "rc-overflow": ["rc-overflow@1.5.0", "", { "dependencies": { "@babel/runtime": "^7.11.1", "classnames": "^2.2.1", "rc-resize-observer": "^1.0.0", "rc-util": "^5.37.0" }, "peerDependencies": { "react": ">=16.9.0", "react-dom": ">=16.9.0" } }, "sha512-Lm/v9h0LymeUYJf0x39OveU52InkdRXqnn2aYXfWmo8WdOonIKB2kfau+GF0fWq6jPgtdO9yMqveGcK6aIhJmg=="],

    "rc-resize-observer": ["rc-resize-observer@1.4.3", "", { "dependencies": { "@babel/runtime": "^7.20.7", "classnames": "^2.2.1", "rc-util": "^5.44.1", "resize-observer-polyfill": "^1.5.1" }, "peerDependencies": { "react": ">=16.9.0", "react-dom": ">=16.9.0" } }, "sha512-YZLjUbyIWox8E9i9C3Tm7ia+W7euPItNWSPX5sCcQTYbnwDb5uNpnLHQCG1f22oZWUhLw4Mv2tFmeWe68CDQRQ=="],

    "rc-util": ["rc-util@5.44.4", "", { "dependencies": { "@babel/runtime": "^7.18.3", "react-is": "^18.2.0" }, "peerDependencies": { "react": ">=16.9.0", "react-dom": ">=16.9.0" } }, "sha512-resueRJzmHG9Q6rI/DfK6Kdv9/Lfls05vzMs1Sk3M2P+3cJa+MakaZyWY8IPfehVuhPJFKrIY1IK4GqbiaiY5w=="],

    "rc-virtual-list": ["rc-virtual-list@3.19.2", "", { "dependencies": { "@babel/runtime": "^7.20.0", "classnames": "^2.2.6", "rc-resize-observer": "^1.0.0", "rc-util": "^5.36.0" }, "peerDependencies": { "react": ">=16.9.0", "react-dom": ">=16.9.0" } }, "sha512-Ys6NcjwGkuwkeaWBDqfI3xWuZ7rDiQXlH1o2zLfFzATfEgXcqpk8CkgMfbJD81McqjcJVez25a3kPxCR807evA=="],

    "react": ["react@19.2.1", "", {}, "sha512-DGrYcCWK7tvYMnWh79yrPHt+vdx9tY+1gPZa7nJQtO/p8bLTDaHp4dzwEhQB7pZ4Xe3ok4XKuEPrVuc+wlpkmw=="],

    "react-dom": ["react-dom@19.2.1", "", { "dependencies": { "scheduler": "^0.27.0" }, "peerDependencies": { "react": "^19.2.1" } }, "sha512-ibrK8llX2a4eOskq1mXKu/TGZj9qzomO+sNfO98M6d9zIPOEhlBkMkBUBLd1vgS0gQsLDBzA+8jJBVXDnfHmJg=="],

    "react-is": ["react-is@18.3.1", "", {}, "sha512-/LLMVyas0ljjAtoYiPqYiL8VWXzUUdThrmU5+n20DZv+a+ClRoevUzw5JxU+Ieh5/c87ytoTBV9G1FiKfNJdmg=="],

    "resize-observer-polyfill": ["resize-observer-polyfill@1.5.1", "", {}, "sha512-LwZrotdHOo12nQuZlHEmtuXdqGoOD0OhaxopaNFxWzInpEgaLWoVuAMbTzixuosCx2nEG58ngzW3vxdWoxIgdg=="],

    "scheduler": ["scheduler@0.27.0", "", {}, "sha512-eNv+WrVbKu1f3vbYJT/xtiF5syA5HPIMtf9IgY/nKg0sWqzAUEvqY/xm7OcZc/qafLx/iO9FgOmeSAp4v5ti/Q=="],

    "scroll-into-view-if-needed": ["scroll-into-view-if-needed@3.1.0", "", { "dependencies": { "compute-scroll-into-view": "^3.0.2" } }, "sha512-49oNpRjWRvnU8NyGVmUaYG4jtTkNonFZI86MmGRDqBphEK2EXT9gdEUoQPZhuBM8yWHxCWbobltqYO5M4XrUvQ=="],

    "semver": ["semver@7.7.3", "", { "bin": { "semver": "bin/semver.js" } }, "sha512-SdsKMrI9TdgjdweUSR9MweHA4EJ8YxHn8DFaDisvhVlUOe4BF1tLD7GAj0lIqWVl+dPb/rExr0Btby5loQm20Q=="],

    "sharp": ["sharp@0.34.5", "", { "dependencies": { "@img/colour": "^1.0.0", "detect-libc": "^2.1.2", "semver": "^7.7.3" }, "optionalDependencies": { "@img/sharp-darwin-arm64": "0.34.5", "@img/sharp-darwin-x64": "0.34.5", "@img/sharp-libvips-darwin-arm64": "1.2.4", "@img/sharp-libvips-darwin-x64": "1.2.4", "@img/sharp-libvips-linux-arm": "1.2.4", "@img/sharp-libvips-linux-arm64": "1.2.4", "@img/sharp-libvips-linux-ppc64": "1.2.4", "@img/sharp-libvips-linux-riscv64": "1.2.4", "@img/sharp-libvips-linux-s390x": "1.2.4", "@img/sharp-libvips-linux-x64": "1.2.4", "@img/sharp-libvips-linuxmusl-arm64": "1.2.4", "@img/sharp-libvips-linuxmusl-x64": "1.2.4", "@img/sharp-linux-arm": "0.34.5", "@img/sharp-linux-arm64": "0.34.5", "@img/sharp-linux-ppc64": "0.34.5", "@img/sharp-linux-riscv64": "0.34.5", "@img/sharp-linux-s390x": "0.34.5", "@img/sharp-linux-x64": "0.34.5", "@img/sharp-linuxmusl-arm64": "0.34.5", "@img/sharp-linuxmusl-x64": "0.34.5", "@img/sharp-wasm32": "0.34.5", "@img/sharp-win32-arm64": "0.34.5", "@img/sharp-win32-ia32": "0.34.5", "@img/sharp-win32-x64": "0.34.5" } }, "sha512-Ou9I5Ft9WNcCbXrU9cMgPBcCK8LiwLqcbywW3t4oDV37n1pzpuNLsYiAV8eODnjbtQlSDwZ2cUEeQz4E54Hltg=="],

    "source-map-js": ["source-map-js@1.2.1", "", {}, "sha512-UXWMKhLOwVKb728IUtQPXxfYU+usdybtUrK/8uGE8CQMvrhOpwvzDBwj0QhSL7MQc7vIsISBG8VQ8+IDQxpfQA=="],

    "string-convert": ["string-convert@0.2.1", "", {}, "sha512-u/1tdPl4yQnPBjnVrmdLo9gtuLvELKsAoRapekWggdiQNvvvum+jYF329d84NAa660KQw7pB2n36KrIKVoXa3A=="],

    "styled-jsx": ["styled-jsx@5.1.6", "", { "dependencies": { "client-only": "0.0.1" }, "peerDependencies": { "react": ">= 16.8.0 || 17.x.x || ^18.0.0-0 || ^19.0.0-0" } }, "sha512-qSVyDTeMotdvQYoHWLNGwRFJHC+i+ZvdBRYosOFgC+Wg1vx4frN2/RG/NA7SYqqvKNLf39P2LSRA2pu6n0XYZA=="],

    "stylis": ["stylis@4.3.6", "", {}, "sha512-yQ3rwFWRfwNUY7H5vpU0wfdkNSnvnJinhF9830Swlaxl03zsOjCfmX0ugac+3LtK0lYSgwL/KXc8oYL3mG4YFQ=="],

    "throttle-debounce": ["throttle-debounce@5.0.2", "", {}, "sha512-B71/4oyj61iNH0KeCamLuE2rmKuTO5byTOSVwECM5FA7TiAiAW+UqTKZ9ERueC4qvgSttUhdmq1mXC3kJqGX7A=="],

    "tslib": ["tslib@2.8.1", "", {}, "sha512-oJFu94HQb+KVduSUQL7wnpmqnfmLsOA/nAh6b6EH0wCEoK0/mPeXU6c3wKDV83MkOuHPRHtSXKKU99IBazS/2w=="],

    "typescript": ["typescript@5.9.3", "", { "bin": { "tsc": "bin/tsc", "tsserver": "bin/tsserver" } }, "sha512-jl1vZzPDinLr9eUt3J/t7V6FgNEw9QjvBPdysz9KfQDD41fQrC2Y4vKQdiaUpFT4bXlb1RHhLpp8wtm6M5TgSw=="],

    "undici-types": ["undici-types@7.16.0", "", {}, "sha512-Zz+aZWSj8LE6zoxD+xrjh4VfkIG8Ya6LvYkZqtUQGJPZjYl53ypCaUwWqo7eI0x66KBGeRo+mlBEkMSeSZ38Nw=="],

    "zustand": ["zustand@5.0.9", "", { "peerDependencies": { "@types/react": ">=18.0.0", "immer": ">=9.0.6", "react": ">=18.0.0", "use-sync-external-store": ">=1.2.0" }, "optionalPeers": ["@types/react", "immer", "react", "use-sync-external-store"] }, "sha512-ALBtUj0AfjJt3uNRQoL1tL2tMvj6Gp/6e39dnfT6uzpelGru8v1tPOGBzayOWbPJvujM8JojDk3E1LxeFisBNg=="],
  }
}
